
Microsoft Visual Studio Solution File, Format Version 12.00
# Visual Studio Version 16
VisualStudioVersion = 16.0.30406.217
MinimumVisualStudioVersion = 10.0.40219.1
Project("{FAE04EC0-301F-11D3-BF4B-00C04F79EFBC}") = "Server", "Network programming\Server.csproj", "{ABEC8AA7-4E77-40CB-A1AC-2F3050A2EFFD}"
EndProject
Project("{FAE04EC0-301F-11D3-BF4B-00C04F79EFBC}") = "Client", "Client\Client.csproj", "{2F01767E-F445-4EC1-AC11-72C8D583A83D}"
EndProject
Project("{FAE04EC0-301F-11D3-BF4B-00C04F79EFBC}") = "Multicast", "Multicast\Multicast.csproj", "{0C313FBC-A239-4BF4-A2AA-55981C659A68}"
EndProject
Project("{FAE04EC0-301F-11D3-BF4B-00C04F79EFBC}") = "ClientMulticast", "ClientMulticast\ClientMulticast.csproj", "{8F3F4A03-AA1F-4C69-A357-5ACF7A8B58E6}"
EndProject
Project("{FAE04EC0-301F-11D3-BF4B-00C04F79EFBC}") = "HTTP", "HTTP\HTTP.csproj", "{17681138-1E75-4147-AD04-A41E1F2DA7AB}"
EndProject
Project("{FAE04EC0-301F-11D3-BF4B-00C04F79EFBC}") = "HttpRequest", "HttpRequest\HttpRequest.csproj", "{BAC6C2E1-0E7A-4ECB-B6EF-6A4A79453A50}"
EndProject
Global
	GlobalSection(SolutionConfigurationPlatforms) = preSolution
		Debug|Any CPU = Debug|Any CPU
		Release|Any CPU = Release|Any CPU
	EndGlobalSection
	GlobalSection(ProjectConfigurationPlatforms) = postSolution
		{ABEC8AA7-4E77-40CB-A1AC-2F3050A2EFFD}.Debug|Any CPU.ActiveCfg = Debug|Any CPU
		{ABEC8AA7-4E77-40CB-A1AC-2F3050A2EFFD}.Debug|Any CPU.Build.0 = Debug|Any CPU
		{ABEC8AA7-4E77-40CB-A1AC-2F3050A2EFFD}.Release|Any CPU.ActiveCfg = Release|Any CPU
		{ABEC8AA7-4E77-40CB-A1AC-2F3050A2EFFD}.Release|Any CPU.Build.0 = Release|Any CPU
		{2F01767E-F445-4EC1-AC11-72C8D583A83D}.Debug|Any CPU.ActiveCfg = Debug|Any CPU
		{2F01767E-F445-4EC1-AC11-72C8D583A83D}.Debug|Any CPU.Build.0 = Debug|Any CPU
		{2F01767E-F445-4EC1-AC11-72C8D583A83D}.Release|Any CPU.ActiveCfg = Release|Any CPU
		{2F01767E-F445-4EC1-AC11-72C8D583A83D}.Release|Any CPU.Build.0 = Release|Any CPU
		{0C313FBC-A239-4BF4-A2AA-55981C659A68}.Debug|Any CPU.ActiveCfg = Debug|Any CPU
		{0C313FBC-A239-4BF4-A2AA-55981C659A68}.Debug|Any CPU.Build.0 = Debug|Any CPU
		{0C313FBC-A239-4BF4-A2AA-55981C659A68}.Release|Any CPU.ActiveCfg = Release|Any CPU
		{0C313FBC-A239-4BF4-A2AA-55981C659A68}.Release|Any CPU.Build.0 = Release|Any CPU
		{8F3F4A03-AA1F-4C69-A357-5ACF7A8B58E6}.Debug|Any CPU.ActiveCfg = Debug|Any CPU
		{8F3F4A03-AA1F-4C69-A357-5ACF7A8B58E6}.Debug|Any CPU.Build.0 = Debug|Any CPU
		{8F3F4A03-AA1F-4C69-A357-5ACF7A8B58E6}.Release|Any CPU.ActiveCfg = Release|Any CPU
		{8F3F4A03-AA1F-4C69-A357-5ACF7A8B58E6}.Release|Any CPU.Build.0 = Release|Any CPU
		{17681138-1E75-4147-AD04-A41E1F2DA7AB}.Debug|Any CPU.ActiveCfg = Debug|Any CPU
		{17681138-1E75-4147-AD04-A41E1F2DA7AB}.Debug|Any CPU.Build.0 = Debug|Any CPU
		{17681138-1E75-4147-AD04-A41E1F2DA7AB}.Release|Any CPU.ActiveCfg = Release|Any CPU
		{17681138-1E75-4147-AD04-A41E1F2DA7AB}.Release|Any CPU.Build.0 = Release|Any CPU
		{BAC6C2E1-0E7A-4ECB-B6EF-6A4A79453A50}.Debug|Any CPU.ActiveCfg = Debug|Any CPU
		{BAC6C2E1-0E7A-4ECB-B6EF-6A4A79453A50}.Debug|Any CPU.Build.0 = Debug|Any CPU
		{BAC6C2E1-0E7A-4ECB-B6EF-6A4A79453A50}.Release|Any CPU.ActiveCfg = Release|Any CPU
		{BAC6C2E1-0E7A-4ECB-B6EF-6A4A79453A50}.Release|Any CPU.Build.0 = Release|Any CPU
	EndGlobalSection
	GlobalSection(SolutionProperties) = preSolution
		HideSolutionNode = FALSE
	EndGlobalSection
	GlobalSection(ExtensibilityGlobals) = postSolution
		SolutionGuid = {DD7861B9-4D6E-4FE6-8F76-DCD052A2D6A9}
	EndGlobalSection
EndGlobal
